// !$*UTF8*$!
{
	archiveVersion = 1;
	classes = {
	};
	objectVersion = 50;
	objects = {

/* Begin PBXBuildFile section */
		14A8A5D124C6E92E00DD3236 /* AppDelegate.swift in Sources */ = {isa = PBXBuildFile; fileRef = 14A8A5D024C6E92E00DD3236 /* AppDelegate.swift */; };
		14A8A5D324C6E92E00DD3236 /* SceneDelegate.swift in Sources */ = {isa = PBXBuildFile; fileRef = 14A8A5D224C6E92E00DD3236 /* SceneDelegate.swift */; };
		14A8A5DA24C6E92F00DD3236 /* Assets.xcassets in Resources */ = {isa = PBXBuildFile; fileRef = 14A8A5D924C6E92F00DD3236 /* Assets.xcassets */; };
		14A8A5DD24C6E92F00DD3236 /* LaunchScreen.storyboard in Resources */ = {isa = PBXBuildFile; fileRef = 14A8A5DB24C6E92F00DD3236 /* LaunchScreen.storyboard */; };
		6BD8784F260CE5F700FF4361 /* RootViewController.swift in Sources */ = {isa = PBXBuildFile; fileRef = 6BD87848260CE5F700FF4361 /* RootViewController.swift */; };
		6BD87850260CE5F700FF4361 /* DetailViewController.swift in Sources */ = {isa = PBXBuildFile; fileRef = 6BD87849260CE5F700FF4361 /* DetailViewController.swift */; };
		6BD87851260CE5F700FF4361 /* ListingViewController.swift in Sources */ = {isa = PBXBuildFile; fileRef = 6BD8784A260CE5F700FF4361 /* ListingViewController.swift */; };
		6BD87852260CE5F700FF4361 /* ListingNavigation.swift in Sources */ = {isa = PBXBuildFile; fileRef = 6BD8784C260CE5F700FF4361 /* ListingNavigation.swift */; };
		6BD87853260CE5F700FF4361 /* DetailNavigation.swift in Sources */ = {isa = PBXBuildFile; fileRef = 6BD8784D260CE5F700FF4361 /* DetailNavigation.swift */; };
		6BD87854260CE5F700FF4361 /* Router.swift in Sources */ = {isa = PBXBuildFile; fileRef = 6BD8784E260CE5F700FF4361 /* Router.swift */; };
/* End PBXBuildFile section */

/* Begin PBXFileReference section */
		14A8A5CD24C6E92E00DD3236 /* Routing.app */ = {isa = PBXFileReference; explicitFileType = wrapper.application; includeInIndex = 0; path = Routing.app; sourceTree = BUILT_PRODUCTS_DIR; };
		14A8A5D024C6E92E00DD3236 /* AppDelegate.swift */ = {isa = PBXFileReference; lastKnownFileType = sourcecode.swift; path = AppDelegate.swift; sourceTree = "<group>"; };
		14A8A5D224C6E92E00DD3236 /* SceneDelegate.swift */ = {isa = PBXFileReference; lastKnownFileType = sourcecode.swift; path = SceneDelegate.swift; sourceTree = "<group>"; };
		14A8A5D924C6E92F00DD3236 /* Assets.xcassets */ = {isa = PBXFileReference; lastKnownFileType = folder.assetcatalog; path = Assets.xcassets; sourceTree = "<group>"; };
		14A8A5DC24C6E92F00DD3236 /* Base */ = {isa = PBXFileReference; lastKnownFileType = file.storyboard; name = Base; path = Base.lproj/LaunchScreen.storyboard; sourceTree = "<group>"; };
		14A8A5DE24C6E92F00DD3236 /* Info.plist */ = {isa = PBXFileReference; lastKnownFileType = text.plist.xml; path = Info.plist; sourceTree = "<group>"; };
		6BD87848260CE5F700FF4361 /* RootViewController.swift */ = {isa = PBXFileReference; fileEncoding = 4; lastKnownFileType = sourcecode.swift; path = RootViewController.swift; sourceTree = "<group>"; };
		6BD87849260CE5F700FF4361 /* DetailViewController.swift */ = {isa = PBXFileReference; fileEncoding = 4; lastKnownFileType = sourcecode.swift; path = DetailViewController.swift; sourceTree = "<group>"; };
		6BD8784A260CE5F700FF4361 /* ListingViewController.swift */ = {isa = PBXFileReference; fileEncoding = 4; lastKnownFileType = sourcecode.swift; path = ListingViewController.swift; sourceTree = "<group>"; };
		6BD8784C260CE5F700FF4361 /* ListingNavigation.swift */ = {isa = PBXFileReference; fileEncoding = 4; lastKnownFileType = sourcecode.swift; path = ListingNavigation.swift; sourceTree = "<group>"; };
		6BD8784D260CE5F700FF4361 /* DetailNavigation.swift */ = {isa = PBXFileReference; fileEncoding = 4; lastKnownFileType = sourcecode.swift; path = DetailNavigation.swift; sourceTree = "<group>"; };
		6BD8784E260CE5F700FF4361 /* Router.swift */ = {isa = PBXFileReference; fileEncoding = 4; lastKnownFileType = sourcecode.swift; path = Router.swift; sourceTree = "<group>"; };
/* End PBXFileReference section */

/* Begin PBXFrameworksBuildPhase section */
		14A8A5CA24C6E92E00DD3236 /* Frameworks */ = {
			isa = PBXFrameworksBuildPhase;
			buildActionMask = 2147483647;
			files = (
			);
			runOnlyForDeploymentPostprocessing = 0;
		};
/* End PBXFrameworksBuildPhase section */

/* Begin PBXGroup section */
		14A8A5C424C6E92E00DD3236 = {
			isa = PBXGroup;
			children = (
				14A8A5CF24C6E92E00DD3236 /* Sources */,
				14A8A5CE24C6E92E00DD3236 /* Products */,
			);
			sourceTree = "<group>";
		};
		14A8A5CE24C6E92E00DD3236 /* Products */ = {
			isa = PBXGroup;
			children = (
				14A8A5CD24C6E92E00DD3236 /* Routing.app */,
			);
			name = Products;
			sourceTree = "<group>";
		};
		14A8A5CF24C6E92E00DD3236 /* Sources */ = {
			isa = PBXGroup;
			children = (
				14A8A5DE24C6E92F00DD3236 /* Info.plist */,
				14A8A5D024C6E92E00DD3236 /* AppDelegate.swift */,
				14A8A5D224C6E92E00DD3236 /* SceneDelegate.swift */,
				14A8A5D924C6E92F00DD3236 /* Assets.xcassets */,
				6BD87847260CE5F700FF4361 /* Controllers */,
				6BD8784B260CE5F700FF4361 /* Navigation */,
				14A8A5DB24C6E92F00DD3236 /* LaunchScreen.storyboard */,
			);
			path = Sources;
			sourceTree = "<group>";
		};
		6BD87847260CE5F700FF4361 /* Controllers */ = {
			isa = PBXGroup;
			children = (
				6BD87848260CE5F700FF4361 /* RootViewController.swift */,
				6BD87849260CE5F700FF4361 /* DetailViewController.swift */,
				6BD8784A260CE5F700FF4361 /* ListingViewController.swift */,
			);
			path = Controllers;
			sourceTree = "<group>";
		};
		6BD8784B260CE5F700FF4361 /* Navigation */ = {
			isa = PBXGroup;
			children = (
				6BD8784C260CE5F700FF4361 /* ListingNavigation.swift */,
				6BD8784D260CE5F700FF4361 /* DetailNavigation.swift */,
				6BD8784E260CE5F700FF4361 /* Router.swift */,
			);
			path = Navigation;
			sourceTree = "<group>";
		};
/* End PBXGroup section */

/* Begin PBXNativeTarget section */
		14A8A5CC24C6E92E00DD3236 /* Routing */ = {
			isa = PBXNativeTarget;
			buildConfigurationList = 14A8A5E124C6E92F00DD3236 /* Build configuration list for PBXNativeTarget "Routing" */;
			buildPhases = (
				14A8A5C924C6E92E00DD3236 /* Sources */,
				14A8A5CA24C6E92E00DD3236 /* Frameworks */,
				14A8A5CB24C6E92E00DD3236 /* Resources */,
			);
			buildRules = (
			);
			dependencies = (
			);
			name = Routing;
			productName = Routing;
			productReference = 14A8A5CD24C6E92E00DD3236 /* Routing.app */;
			productType = "com.apple.product-type.application";
		};
/* End PBXNativeTarget section */

/* Begin PBXProject section */
		14A8A5C524C6E92E00DD3236 /* Project object */ = {
			isa = PBXProject;
			attributes = {
				LastSwiftUpdateCheck = 1200;
				LastUpgradeCheck = 1200;
				TargetAttributes = {
					14A8A5CC24C6E92E00DD3236 = {
						CreatedOnToolsVersion = 12.0;
					};
				};
			};
			buildConfigurationList = 14A8A5C824C6E92E00DD3236 /* Build configuration list for PBXProject "Routing" */;
			compatibilityVersion = "Xcode 9.3";
			developmentRegion = en;
			hasScannedForEncodings = 0;
			knownRegions = (
				en,
				Base,
			);
			mainGroup = 14A8A5C424C6E92E00DD3236;
			productRefGroup = 14A8A5CE24C6E92E00DD3236 /* Products */;
			projectDirPath = "";
			projectRoot = "";
			targets = (
				14A8A5CC24C6E92E00DD3236 /* Routing */,
			);
		};
/* End PBXProject section */

/* Begin PBXResourcesBuildPhase section */
		14A8A5CB24C6E92E00DD3236 /* Resources */ = {
			isa = PBXResourcesBuildPhase;
			buildActionMask = 2147483647;
			files = (
				14A8A5DD24C6E92F00DD3236 /* LaunchScreen.storyboard in Resources */,
				14A8A5DA24C6E92F00DD3236 /* Assets.xcassets in Resources */,
			);
			runOnlyForDeploymentPostprocessing = 0;
		};
/* End PBXResourcesBuildPhase section */

/* Begin PBXSourcesBuildPhase section */
		14A8A5C924C6E92E00DD3236 /* Sources */ = {
			isa = PBXSourcesBuildPhase;
			buildActionMask = 2147483647;
			files = (
				6BD87854260CE5F700FF4361 /* Router.swift in Sources */,
				14A8A5D124C6E92E00DD3236 /* AppDelegate.swift in Sources */,
				14A8A5D324C6E92E00DD3236 /* SceneDelegate.swift in Sources */,
				6BD87852260CE5F700FF4361 /* ListingNavigation.swift in Sources */,
				6BD8784F260CE5F700FF4361 /* RootViewController.swift in Sources */,
				6BD87853260CE5F700FF4361 /* DetailNavigation.swift in Sources */,
				6BD87850260CE5F700FF4361 /* DetailViewController.swift in Sources */,
				6BD87851260CE5F700FF4361 /* ListingViewController.swift in Sources */,
			);
			runOnlyForDeploymentPostprocessing = 0;
		};
/* End PBXSourcesBuildPhase section */

/* Begin PBXVariantGroup section */
		14A8A5DB24C6E92F00DD3236 /* LaunchScreen.storyboard */ = {
			isa = PBXVariantGroup;
			children = (
				14A8A5DC24C6E92F00DD3236 /* Base */,
			);
			name = LaunchScreen.storyboard;
			sourceTree = "<group>";
		};
/* End PBXVariantGroup section */

/* Begin XCBuildConfiguration section */
		14A8A5DF24C6E92F00DD3236 /* Debug */ = {
			isa = XCBuildConfiguration;
			buildSettings = {
				ALWAYS_SEARCH_USER_PATHS = NO;
				CLANG_ANALYZER_NONNULL = YES;
				CLANG_ANALYZER_NUMBER_OBJECT_CONVERSION = YES_AGGRESSIVE;
				CLANG_CXX_LANGUAGE_STANDARD = "gnu++14";
				CLANG_CXX_LIBRARY = "libc++";
				CLANG_ENABLE_MODULES = YES;
				CLANG_ENABLE_OBJC_ARC = YES;
				CLANG_ENABLE_OBJC_WEAK = YES;
				CLANG_WARN_BLOCK_CAPTURE_AUTORELEASING = YES;
				CLANG_WARN_BOOL_CONVERSION = YES;
				CLANG_WARN_COMMA = YES;
				CLANG_WARN_CONSTANT_CONVERSION = YES;
				CLANG_WARN_DEPRECATED_OBJC_IMPLEMENTATIONS = YES;
				CLANG_WARN_DIRECT_OBJC_ISA_USAGE = YES_ERROR;
				CLANG_WARN_DOCUMENTATION_COMMENTS = YES;
				CLANG_WARN_EMPTY_BODY = YES;
				CLANG_WARN_ENUM_CONVERSION = YES;
				CLANG_WARN_INFINITE_RECURSION = YES;
				CLANG_WARN_INT_CONVERSION = YES;
				CLANG_WARN_NON_LITERAL_NULL_CONVERSION = YES;
				CLANG_WARN_OBJC_IMPLICIT_RETAIN_SELF = YES;
				CLANG_WARN_OBJC_LITERAL_CONVERSION = YES;
				CLANG_WARN_OBJC_ROOT_CLASS = YES_ERROR;
				CLANG_WARN_QUOTED_INCLUDE_IN_FRAMEWORK_HEADER = YES;
				CLANG_WARN_RANGE_LOOP_ANALYSIS = YES;
				CLANG_WARN_STRICT_PROTOTYPES = YES;
				CLANG_WARN_SUSPICIOUS_MOVE = YES;
				CLANG_WARN_UNGUARDED_AVAILABILITY = YES_AGGRESSIVE;
				CLANG_WARN_UNREACHABLE_CODE = YES;
				CLANG_WARN__DUPLICATE_METHOD_MATCH = YES;
				COPY_PHASE_STRIP = NO;
				DEBUG_INFORMATION_FORMAT = dwarf;
				ENABLE_STRICT_OBJC_MSGSEND = YES;
				ENABLE_TESTABILITY = YES;
				GCC_C_LANGUAGE_STANDARD = gnu11;
				GCC_DYNAMIC_NO_PIC = NO;
				GCC_NO_COMMON_BLOCKS = YES;
				GCC_OPTIMIZATION_LEVEL = 0;
				GCC_PREPROCESSOR_DEFINITIONS = (
					"DEBUG=1",
					"$(inherited)",
				);
				GCC_WARN_64_TO_32_BIT_CONVERSION = YES;
				GCC_WARN_ABOUT_RETURN_TYPE = YES_ERROR;
				GCC_WARN_UNDECLARED_SELECTOR = YES;
				GCC_WARN_UNINITIALIZED_AUTOS = YES_AGGRESSIVE;
				GCC_WARN_UNUSED_FUNCTION = YES;
				GCC_WARN_UNUSED_VARIABLE = YES;
				IPHONEOS_DEPLOYMENT_TARGET = 14.0;
				MTL_ENABLE_DEBUG_INFO = INCLUDE_SOURCE;
				MTL_FAST_MATH = YES;
				ONLY_ACTIVE_ARCH = YES;
				SDKROOT = iphoneos;
				SWIFT_ACTIVE_COMPILATION_CONDITIONS = DEBUG;
				SWIFT_OPTIMIZATION_LEVEL = "-Onone";
			};
			name = Debug;
		};
		14A8A5E024C6E92F00DD3236 /* Release */ = {
			isa = XCBuildConfiguration;
			buildSettings = {
				ALWAYS_SEARCH_USER_PATHS = NO;
				CLANG_ANALYZER_NONNULL = YES;
				CLANG_ANALYZER_NUMBER_OBJECT_CONVERSION = YES_AGGRESSIVE;
				CLANG_CXX_LANGUAGE_STANDARD = "gnu++14";
				CLANG_CXX_LIBRARY = "libc++";
				CLANG_ENABLE_MODULES = YES;
				CLANG_ENABLE_OBJC_ARC = YES;
				CLANG_ENABLE_OBJC_WEAK = YES;
				CLANG_WARN_BLOCK_CAPTURE_AUTORELEASING = YES;
				CLANG_WARN_BOOL_CONVERSION = YES;
				CLANG_WARN_COMMA = YES;
				CLANG_WARN_CONSTANT_CONVERSION = YES;
				CLANG_WARN_DEPRECATED_OBJC_IMPLEMENTATIONS = YES;
				CLANG_WARN_DIRECT_OBJC_ISA_USAGE = YES_ERROR;
				CLANG_WARN_DOCUMENTATION_COMMENTS = YES;
				CLANG_WARN_EMPTY_BODY = YES;
				CLANG_WARN_ENUM_CONVERSION = YES;
				CLANG_WARN_INFINITE_RECURSION = YES;
				CLANG_WARN_INT_CONVERSION = YES;
				CLANG_WARN_NON_LITERAL_NULL_CONVERSION = YES;
				CLANG_WARN_OBJC_IMPLICIT_RETAIN_SELF = YES;
				CLANG_WARN_OBJC_LITERAL_CONVERSION = YES;
				CLANG_WARN_OBJC_ROOT_CLASS = YES_ERROR;
				CLANG_WARN_QUOTED_INCLUDE_IN_FRAMEWORK_HEADER = YES;
				CLANG_WARN_RANGE_LOOP_ANALYSIS = YES;
				CLANG_WARN_STRICT_PROTOTYPES = YES;
				CLANG_WARN_SUSPICIOUS_MOVE = YES;
				CLANG_WARN_UNGUARDED_AVAILABILITY = YES_AGGRESSIVE;
				CLANG_WARN_UNREACHABLE_CODE = YES;
				CLANG_WARN__DUPLICATE_METHOD_MATCH = YES;
				COPY_PHASE_STRIP = NO;
				DEBUG_INFORMATION_FORMAT = "dwarf-with-dsym";
				ENABLE_NS_ASSERTIONS = NO;
				ENABLE_STRICT_OBJC_MSGSEND = YES;
				GCC_C_LANGUAGE_STANDARD = gnu11;
				GCC_NO_COMMON_BLOCKS = YES;
				GCC_WARN_64_TO_32_BIT_CONVERSION = YES;
				GCC_WARN_ABOUT_RETURN_TYPE = YES_ERROR;
				GCC_WARN_UNDECLARED_SELECTOR = YES;
				GCC_WARN_UNINITIALIZED_AUTOS = YES_AGGRESSIVE;
				GCC_WARN_UNUSED_FUNCTION = YES;
				GCC_WARN_UNUSED_VARIABLE = YES;
				IPHONEOS_DEPLOYMENT_TARGET = 14.0;
				MTL_ENABLE_DEBUG_INFO = NO;
				MTL_FAST_MATH = YES;
				SDKROOT = iphoneos;
				SWIFT_COMPILATION_MODE = wholemodule;
				SWIFT_OPTIMIZATION_LEVEL = "-O";
				VALIDATE_PRODUCT = YES;
			};
			name = Release;
		};
		14A8A5E224C6E92F00DD3236 /* Debug */ = {
			isa = XCBuildConfiguration;
			buildSettings = {
				ASSETCATALOG_COMPILER_APPICON_NAME = AppIcon;
				ASSETCATALOG_COMPILER_GLOBAL_ACCENT_COLOR_NAME = AccentColor;
				CODE_SIGN_STYLE = Automatic;
				DEVELOPMENT_TEAM = "";
				INFOPLIST_FILE = Sources/Info.plist;
				IPHONEOS_DEPLOYMENT_TARGET = 14.0;
				LD_RUNPATH_SEARCH_PATHS = (
					"$(inherited)",
					"@executable_path/Frameworks",
				);
				PRODUCT_BUNDLE_IDENTIFIER = com.test.Routing;
				PRODUCT_NAME = "$(TARGET_NAME)";
				SWIFT_VERSION = 5.0;
				TARGETED_DEVICE_FAMILY = "1,2";
			};
			name = Debug;
		};
		14A8A5E324C6E92F00DD3236 /* Release */ = {
			isa = XCBuildConfiguration;
			buildSettings = {
				ASSETCATALOG_COMPILER_APPICON_NAME = AppIcon;
				ASSETCATALOG_COMPILER_GLOBAL_ACCENT_COLOR_NAME = AccentColor;
				CODE_SIGN_STYLE = Automatic;
				DEVELOPMENT_TEAM = "";
				INFOPLIST_FILE = Sources/Info.plist;
				IPHONEOS_DEPLOYMENT_TARGET = 14.0;
				LD_RUNPATH_SEARCH_PATHS = (
					"$(inherited)",
					"@executable_path/Frameworks",
				);
				PRODUCT_BUNDLE_IDENTIFIER = com.test.Routing;
				PRODUCT_NAME = "$(TARGET_NAME)";
				SWIFT_VERSION = 5.0;
				TARGETED_DEVICE_FAMILY = "1,2";
			};
			name = Release;
		};
/* End XCBuildConfiguration section */

/* Begin XCConfigurationList section */
		14A8A5C824C6E92E00DD3236 /* Build configuration list for PBXProject "Routing" */ = {
			isa = XCConfigurationList;
			buildConfigurations = (
				14A8A5DF24C6E92F00DD3236 /* Debug */,
				14A8A5E024C6E92F00DD3236 /* Release */,
			);
			defaultConfigurationIsVisible = 0;
			defaultConfigurationName = Release;
		};
		14A8A5E124C6E92F00DD3236 /* Build configuration list for PBXNativeTarget "Routing" */ = {
			isa = XCConfigurationList;
			buildConfigurations = (
				14A8A5E224C6E92F00DD3236 /* Debug */,
				14A8A5E324C6E92F00DD3236 /* Release */,
			);
			defaultConfigurationIsVisible = 0;
			defaultConfigurationName = Release;
		};
/* End XCConfigurationList section */
	};
	rootObject = 14A8A5C524C6E92E00DD3236 /* Project object */;
}
